// !$*UTF8*$!
{
	archiveVersion = 1;
	classes = {
	};
	objectVersion = 46;
	objects = {

/* Begin PBXBuildFile section */
		13115CD81A88BFA200F54633 /* main.cpp in Sources */ = {isa = PBXBuildFile; fileRef = 13115CD71A88BFA200F54633 /* main.cpp */; };
		13115D291A8AFE5C00F54633 /* CMyString.cpp in Sources */ = {isa = PBXBuildFile; fileRef = 13115D271A8AFE5C00F54633 /* CMyString.cpp */; };
/* End PBXBuildFile section */

/* Begin PBXCopyFilesBuildPhase section */
		13115CD21A88BFA200F54633 /* CopyFiles */ = {
			isa = PBXCopyFilesBuildPhase;
			buildActionMask = 2147483647;
			dstPath = /usr/share/man/man1/;
			dstSubfolderSpec = 0;
			files = (
			);
			runOnlyForDeploymentPostprocessing = 1;
		};
/* End PBXCopyFilesBuildPhase section */

/* Begin PBXFileReference section */
		13115CD41A88BFA200F54633 /* TestRapidJson */ = {isa = PBXFileReference; explicitFileType = "compiled.mach-o.executable"; includeInIndex = 0; path = TestRapidJson; sourceTree = BUILT_PRODUCTS_DIR; };
		13115CD71A88BFA200F54633 /* main.cpp */ = {isa = PBXFileReference; lastKnownFileType = sourcecode.cpp.cpp; path = main.cpp; sourceTree = "<group>"; };
		13115CE01A88BFFE00F54633 /* allocators.h */ = {isa = PBXFileReference; fileEncoding = 4; lastKnownFileType = sourcecode.c.h; path = allocators.h; sourceTree = "<group>"; };
		13115CE11A88BFFE00F54633 /* document.h */ = {isa = PBXFileReference; fileEncoding = 4; lastKnownFileType = sourcecode.c.h; path = document.h; sourceTree = "<group>"; };
		13115CE21A88BFFE00F54633 /* encodedstream.h */ = {isa = PBXFileReference; fileEncoding = 4; lastKnownFileType = sourcecode.c.h; path = encodedstream.h; sourceTree = "<group>"; };
		13115CE31A88BFFE00F54633 /* encodings.h */ = {isa = PBXFileReference; fileEncoding = 4; lastKnownFileType = sourcecode.c.h; path = encodings.h; sourceTree = "<group>"; };
		13115CE51A88BFFE00F54633 /* en.h */ = {isa = PBXFileReference; fileEncoding = 4; lastKnownFileType = sourcecode.c.h; path = en.h; sourceTree = "<group>"; };
		13115CE61A88BFFE00F54633 /* error.h */ = {isa = PBXFileReference; fileEncoding = 4; lastKnownFileType = sourcecode.c.h; path = error.h; sourceTree = "<group>"; };
		13115CE71A88BFFE00F54633 /* filereadstream.h */ = {isa = PBXFileReference; fileEncoding = 4; lastKnownFileType = sourcecode.c.h; path = filereadstream.h; sourceTree = "<group>"; };
		13115CE81A88BFFE00F54633 /* filestream.h */ = {isa = PBXFileReference; fileEncoding = 4; lastKnownFileType = sourcecode.c.h; path = filestream.h; sourceTree = "<group>"; };
		13115CE91A88BFFE00F54633 /* filewritestream.h */ = {isa = PBXFileReference; fileEncoding = 4; lastKnownFileType = sourcecode.c.h; path = filewritestream.h; sourceTree = "<group>"; };
		13115CEB1A88BFFE00F54633 /* biginteger.h */ = {isa = PBXFileReference; fileEncoding = 4; lastKnownFileType = sourcecode.c.h; path = biginteger.h; sourceTree = "<group>"; };
		13115CEC1A88BFFE00F54633 /* diyfp.h */ = {isa = PBXFileReference; fileEncoding = 4; lastKnownFileType = sourcecode.c.h; path = diyfp.h; sourceTree = "<group>"; };
		13115CED1A88BFFE00F54633 /* dtoa.h */ = {isa = PBXFileReference; fileEncoding = 4; lastKnownFileType = sourcecode.c.h; path = dtoa.h; sourceTree = "<group>"; };
		13115CEE1A88BFFE00F54633 /* ieee754.h */ = {isa = PBXFileReference; fileEncoding = 4; lastKnownFileType = sourcecode.c.h; path = ieee754.h; sourceTree = "<group>"; };
		13115CEF1A88BFFE00F54633 /* itoa.h */ = {isa = PBXFileReference; fileEncoding = 4; lastKnownFileType = sourcecode.c.h; path = itoa.h; sourceTree = "<group>"; };
		13115CF01A88BFFE00F54633 /* meta.h */ = {isa = PBXFileReference; fileEncoding = 4; lastKnownFileType = sourcecode.c.h; path = meta.h; sourceTree = "<group>"; };
		13115CF11A88BFFE00F54633 /* pow10.h */ = {isa = PBXFileReference; fileEncoding = 4; lastKnownFileType = sourcecode.c.h; path = pow10.h; sourceTree = "<group>"; };
		13115CF21A88BFFE00F54633 /* stack.h */ = {isa = PBXFileReference; fileEncoding = 4; lastKnownFileType = sourcecode.c.h; path = stack.h; sourceTree = "<group>"; };
		13115CF31A88BFFE00F54633 /* strfunc.h */ = {isa = PBXFileReference; fileEncoding = 4; lastKnownFileType = sourcecode.c.h; path = strfunc.h; sourceTree = "<group>"; };
		13115CF41A88BFFE00F54633 /* strtod.h */ = {isa = PBXFileReference; fileEncoding = 4; lastKnownFileType = sourcecode.c.h; path = strtod.h; sourceTree = "<group>"; };
		13115CF51A88BFFE00F54633 /* memorybuffer.h */ = {isa = PBXFileReference; fileEncoding = 4; lastKnownFileType = sourcecode.c.h; path = memorybuffer.h; sourceTree = "<group>"; };
		13115CF61A88BFFE00F54633 /* memorystream.h */ = {isa = PBXFileReference; fileEncoding = 4; lastKnownFileType = sourcecode.c.h; path = memorystream.h; sourceTree = "<group>"; };
		13115CF81A88BFFE00F54633 /* inttypes.h */ = {isa = PBXFileReference; fileEncoding = 4; lastKnownFileType = sourcecode.c.h; path = inttypes.h; sourceTree = "<group>"; };
		13115CF91A88BFFE00F54633 /* stdint.h */ = {isa = PBXFileReference; fileEncoding = 4; lastKnownFileType = sourcecode.c.h; path = stdint.h; sourceTree = "<group>"; };
		13115CFA1A88BFFE00F54633 /* prettywriter.h */ = {isa = PBXFileReference; fileEncoding = 4; lastKnownFileType = sourcecode.c.h; path = prettywriter.h; sourceTree = "<group>"; };
		13115CFB1A88BFFE00F54633 /* rapidjson.h */ = {isa = PBXFileReference; fileEncoding = 4; lastKnownFileType = sourcecode.c.h; path = rapidjson.h; sourceTree = "<group>"; };
		13115CFC1A88BFFE00F54633 /* reader.h */ = {isa = PBXFileReference; fileEncoding = 4; lastKnownFileType = sourcecode.c.h; path = reader.h; sourceTree = "<group>"; };
		13115CFD1A88BFFE00F54633 /* stringbuffer.h */ = {isa = PBXFileReference; fileEncoding = 4; lastKnownFileType = sourcecode.c.h; path = stringbuffer.h; sourceTree = "<group>"; };
		13115CFE1A88BFFE00F54633 /* writer.h */ = {isa = PBXFileReference; fileEncoding = 4; lastKnownFileType = sourcecode.c.h; path = writer.h; sourceTree = "<group>"; };
		13115D001A88C00F00F54633 /* FastReader.h */ = {isa = PBXFileReference; fileEncoding = 4; lastKnownFileType = sourcecode.c.h; path = FastReader.h; sourceTree = "<group>"; };
		13115D221A8AEC6100F54633 /* Hero.h */ = {isa = PBXFileReference; fileEncoding = 4; lastKnownFileType = sourcecode.c.h; path = Hero.h; sourceTree = "<group>"; };
		13115D251A8AECA400F54633 /* Preference.h */ = {isa = PBXFileReference; fileEncoding = 4; lastKnownFileType = sourcecode.c.h; path = Preference.h; sourceTree = "<group>"; };
		13115D271A8AFE5C00F54633 /* CMyString.cpp */ = {isa = PBXFileReference; fileEncoding = 4; lastKnownFileType = sourcecode.cpp.cpp; path = CMyString.cpp; sourceTree = "<group>"; };
		13115D281A8AFE5C00F54633 /* CMyString.h */ = {isa = PBXFileReference; fileEncoding = 4; lastKnownFileType = sourcecode.c.h; path = CMyString.h; sourceTree = "<group>"; };
		135083481A8A4079002B94E2 /* Player.h */ = {isa = PBXFileReference; fileEncoding = 4; lastKnownFileType = sourcecode.c.h; path = Player.h; sourceTree = "<group>"; };
		135083491A8A4079002B94E2 /* TypeConverter.h */ = {isa = PBXFileReference; fileEncoding = 4; lastKnownFileType = sourcecode.c.h; path = TypeConverter.h; sourceTree = "<group>"; };
		1350834F1A8A4ED1002B94E2 /* Serializable.h */ = {isa = PBXFileReference; fileEncoding = 4; lastKnownFileType = sourcecode.c.h; path = Serializable.h; sourceTree = "<group>"; };
		135083521A8A5111002B94E2 /* FastWriter.h */ = {isa = PBXFileReference; fileEncoding = 4; lastKnownFileType = sourcecode.c.h; path = FastWriter.h; sourceTree = "<group>"; };
/* End PBXFileReference section */

/* Begin PBXFrameworksBuildPhase section */
		13115CD11A88BFA200F54633 /* Frameworks */ = {
			isa = PBXFrameworksBuildPhase;
			buildActionMask = 2147483647;
			files = (
			);
			runOnlyForDeploymentPostprocessing = 0;
		};
/* End PBXFrameworksBuildPhase section */

/* Begin PBXGroup section */
		13115CCB1A88BFA200F54633 = {
			isa = PBXGroup;
			children = (
				13115CDE1A88BFF400F54633 /* external */,
				13115CD61A88BFA200F54633 /* TestRapidJson */,
				13115CD51A88BFA200F54633 /* Products */,
			);
			sourceTree = "<group>";
		};
		13115CD51A88BFA200F54633 /* Products */ = {
			isa = PBXGroup;
			children = (
				13115CD41A88BFA200F54633 /* TestRapidJson */,
			);
			name = Products;
			sourceTree = "<group>";
		};
		13115CD61A88BFA200F54633 /* TestRapidJson */ = {
			isa = PBXGroup;
			children = (
				135083481A8A4079002B94E2 /* Player.h */,
				135083491A8A4079002B94E2 /* TypeConverter.h */,
				13115D001A88C00F00F54633 /* FastReader.h */,
				13115CD71A88BFA200F54633 /* main.cpp */,
				1350834F1A8A4ED1002B94E2 /* Serializable.h */,
				135083521A8A5111002B94E2 /* FastWriter.h */,
				13115D221A8AEC6100F54633 /* Hero.h */,
				13115D251A8AECA400F54633 /* Preference.h */,
				13115D271A8AFE5C00F54633 /* CMyString.cpp */,
				13115D281A8AFE5C00F54633 /* CMyString.h */,
			);
			path = TestRapidJson;
			sourceTree = "<group>";
		};
		13115CDE1A88BFF400F54633 /* external */ = {
			isa = PBXGroup;
			children = (
				13115CDF1A88BFFE00F54633 /* rapidjson */,
			);
			name = external;
			sourceTree = "<group>";
		};
		13115CDF1A88BFFE00F54633 /* rapidjson */ = {
			isa = PBXGroup;
			children = (
				13115CE01A88BFFE00F54633 /* allocators.h */,
				13115CE11A88BFFE00F54633 /* document.h */,
				13115CE21A88BFFE00F54633 /* encodedstream.h */,
				13115CE31A88BFFE00F54633 /* encodings.h */,
				13115CE41A88BFFE00F54633 /* error */,
				13115CE71A88BFFE00F54633 /* filereadstream.h */,
				13115CE81A88BFFE00F54633 /* filestream.h */,
				13115CE91A88BFFE00F54633 /* filewritestream.h */,
				13115CEA1A88BFFE00F54633 /* internal */,
				13115CF51A88BFFE00F54633 /* memorybuffer.h */,
				13115CF61A88BFFE00F54633 /* memorystream.h */,
				13115CF71A88BFFE00F54633 /* msinttypes */,
				13115CFA1A88BFFE00F54633 /* prettywriter.h */,
				13115CFB1A88BFFE00F54633 /* rapidjson.h */,
				13115CFC1A88BFFE00F54633 /* reader.h */,
				13115CFD1A88BFFE00F54633 /* stringbuffer.h */,
				13115CFE1A88BFFE00F54633 /* writer.h */,
			);
			name = rapidjson;
			path = external/rapidjson;
			sourceTree = "<group>";
		};
		13115CE41A88BFFE00F54633 /* error */ = {
			isa = PBXGroup;
			children = (
				13115CE51A88BFFE00F54633 /* en.h */,
				13115CE61A88BFFE00F54633 /* error.h */,
			);
			path = error;
			sourceTree = "<group>";
		};
		13115CEA1A88BFFE00F54633 /* internal */ = {
			isa = PBXGroup;
			children = (
				13115CEB1A88BFFE00F54633 /* biginteger.h */,
				13115CEC1A88BFFE00F54633 /* diyfp.h */,
				13115CED1A88BFFE00F54633 /* dtoa.h */,
				13115CEE1A88BFFE00F54633 /* ieee754.h */,
				13115CEF1A88BFFE00F54633 /* itoa.h */,
				13115CF01A88BFFE00F54633 /* meta.h */,
				13115CF11A88BFFE00F54633 /* pow10.h */,
				13115CF21A88BFFE00F54633 /* stack.h */,
				13115CF31A88BFFE00F54633 /* strfunc.h */,
				13115CF41A88BFFE00F54633 /* strtod.h */,
			);
			path = internal;
			sourceTree = "<group>";
		};
		13115CF71A88BFFE00F54633 /* msinttypes */ = {
			isa = PBXGroup;
			children = (
				13115CF81A88BFFE00F54633 /* inttypes.h */,
				13115CF91A88BFFE00F54633 /* stdint.h */,
			);
			path = msinttypes;
			sourceTree = "<group>";
		};
/* End PBXGroup section */

/* Begin PBXNativeTarget section */
		13115CD31A88BFA200F54633 /* TestRapidJson */ = {
			isa = PBXNativeTarget;
			buildConfigurationList = 13115CDB1A88BFA200F54633 /* Build configuration list for PBXNativeTarget "TestRapidJson" */;
			buildPhases = (
				13115CD01A88BFA200F54633 /* Sources */,
				13115CD11A88BFA200F54633 /* Frameworks */,
				13115CD21A88BFA200F54633 /* CopyFiles */,
			);
			buildRules = (
			);
			dependencies = (
			);
			name = TestRapidJson;
			productName = TestRapidJson;
			productReference = 13115CD41A88BFA200F54633 /* TestRapidJson */;
			productType = "com.apple.product-type.tool";
		};
/* End PBXNativeTarget section */

/* Begin PBXProject section */
		13115CCC1A88BFA200F54633 /* Project object */ = {
			isa = PBXProject;
			attributes = {
				LastUpgradeCheck = 0610;
				ORGANIZATIONNAME = "Richie Yan";
				TargetAttributes = {
					13115CD31A88BFA200F54633 = {
						CreatedOnToolsVersion = 6.1.1;
					};
				};
			};
			buildConfigurationList = 13115CCF1A88BFA200F54633 /* Build configuration list for PBXProject "TestRapidJson" */;
			compatibilityVersion = "Xcode 3.2";
			developmentRegion = English;
			hasScannedForEncodings = 0;
			knownRegions = (
				en,
			);
			mainGroup = 13115CCB1A88BFA200F54633;
			productRefGroup = 13115CD51A88BFA200F54633 /* Products */;
			projectDirPath = "";
			projectRoot = "";
			targets = (
				13115CD31A88BFA200F54633 /* TestRapidJson */,
			);
		};
/* End PBXProject section */

/* Begin PBXSourcesBuildPhase section */
		13115CD01A88BFA200F54633 /* Sources */ = {
			isa = PBXSourcesBuildPhase;
			buildActionMask = 2147483647;
			files = (
				13115D291A8AFE5C00F54633 /* CMyString.cpp in Sources */,
				13115CD81A88BFA200F54633 /* main.cpp in Sources */,
			);
			runOnlyForDeploymentPostprocessing = 0;
		};
/* End PBXSourcesBuildPhase section */

/* Begin XCBuildConfiguration section */
		13115CD91A88BFA200F54633 /* Debug */ = {
			isa = XCBuildConfiguration;
			buildSettings = {
				ALWAYS_SEARCH_USER_PATHS = NO;
				CLANG_CXX_LANGUAGE_STANDARD = "gnu++0x";
				CLANG_CXX_LIBRARY = "libc++";
				CLANG_ENABLE_MODULES = YES;
				CLANG_ENABLE_OBJC_ARC = YES;
				CLANG_WARN_BOOL_CONVERSION = YES;
				CLANG_WARN_CONSTANT_CONVERSION = YES;
				CLANG_WARN_DIRECT_OBJC_ISA_USAGE = YES_ERROR;
				CLANG_WARN_EMPTY_BODY = YES;
				CLANG_WARN_ENUM_CONVERSION = YES;
				CLANG_WARN_INT_CONVERSION = YES;
				CLANG_WARN_OBJC_ROOT_CLASS = YES_ERROR;
				CLANG_WARN_UNREACHABLE_CODE = YES;
				CLANG_WARN__DUPLICATE_METHOD_MATCH = YES;
				COPY_PHASE_STRIP = NO;
				ENABLE_STRICT_OBJC_MSGSEND = YES;
				GCC_C_LANGUAGE_STANDARD = gnu99;
				GCC_DYNAMIC_NO_PIC = NO;
				GCC_OPTIMIZATION_LEVEL = 0;
				GCC_PREPROCESSOR_DEFINITIONS = (
					"DEBUG=1",
					"$(inherited)",
				);
				GCC_SYMBOLS_PRIVATE_EXTERN = NO;
				GCC_WARN_64_TO_32_BIT_CONVERSION = YES;
				GCC_WARN_ABOUT_RETURN_TYPE = YES_ERROR;
				GCC_WARN_UNDECLARED_SELECTOR = YES;
				GCC_WARN_UNINITIALIZED_AUTOS = YES_AGGRESSIVE;
				GCC_WARN_UNUSED_FUNCTION = YES;
				GCC_WARN_UNUSED_VARIABLE = YES;
				MACOSX_DEPLOYMENT_TARGET = 10.10;
				MTL_ENABLE_DEBUG_INFO = YES;
				ONLY_ACTIVE_ARCH = YES;
				SDKROOT = macosx;
			};
			name = Debug;
		};
		13115CDA1A88BFA200F54633 /* Release */ = {
			isa = XCBuildConfiguration;
			buildSettings = {
				ALWAYS_SEARCH_USER_PATHS = NO;
				CLANG_CXX_LANGUAGE_STANDARD = "gnu++0x";
				CLANG_CXX_LIBRARY = "libc++";
				CLANG_ENABLE_MODULES = YES;
				CLANG_ENABLE_OBJC_ARC = YES;
				CLANG_WARN_BOOL_CONVERSION = YES;
				CLANG_WARN_CONSTANT_CONVERSION = YES;
				CLANG_WARN_DIRECT_OBJC_ISA_USAGE = YES_ERROR;
				CLANG_WARN_EMPTY_BODY = YES;
				CLANG_WARN_ENUM_CONVERSION = YES;
				CLANG_WARN_INT_CONVERSION = YES;
				CLANG_WARN_OBJC_ROOT_CLASS = YES_ERROR;
				CLANG_WARN_UNREACHABLE_CODE = YES;
				CLANG_WARN__DUPLICATE_METHOD_MATCH = YES;
				COPY_PHASE_STRIP = YES;
				DEBUG_INFORMATION_FORMAT = "dwarf-with-dsym";
				ENABLE_NS_ASSERTIONS = NO;
				ENABLE_STRICT_OBJC_MSGSEND = YES;
				GCC_C_LANGUAGE_STANDARD = gnu99;
				GCC_WARN_64_TO_32_BIT_CONVERSION = YES;
				GCC_WARN_ABOUT_RETURN_TYPE = YES_ERROR;
				GCC_WARN_UNDECLARED_SELECTOR = YES;
				GCC_WARN_UNINITIALIZED_AUTOS = YES_AGGRESSIVE;
				GCC_WARN_UNUSED_FUNCTION = YES;
				GCC_WARN_UNUSED_VARIABLE = YES;
				MACOSX_DEPLOYMENT_TARGET = 10.10;
				MTL_ENABLE_DEBUG_INFO = NO;
				SDKROOT = macosx;
			};
			name = Release;
		};
		13115CDC1A88BFA200F54633 /* Debug */ = {
			isa = XCBuildConfiguration;
			buildSettings = {
				PRODUCT_NAME = "$(TARGET_NAME)";
				USER_HEADER_SEARCH_PATHS = "$(SRCROOT)/external";
			};
			name = Debug;
		};
		13115CDD1A88BFA200F54633 /* Release */ = {
			isa = XCBuildConfiguration;
			buildSettings = {
				PRODUCT_NAME = "$(TARGET_NAME)";
				USER_HEADER_SEARCH_PATHS = "$(SRCROOT)/external";
			};
			name = Release;
		};
/* End XCBuildConfiguration section */

/* Begin XCConfigurationList section */
		13115CCF1A88BFA200F54633 /* Build configuration list for PBXProject "TestRapidJson" */ = {
			isa = XCConfigurationList;
			buildConfigurations = (
				13115CD91A88BFA200F54633 /* Debug */,
				13115CDA1A88BFA200F54633 /* Release */,
			);
			defaultConfigurationIsVisible = 0;
			defaultConfigurationName = Release;
		};
		13115CDB1A88BFA200F54633 /* Build configuration list for PBXNativeTarget "TestRapidJson" */ = {
			isa = XCConfigurationList;
			buildConfigurations = (
				13115CDC1A88BFA200F54633 /* Debug */,
				13115CDD1A88BFA200F54633 /* Release */,
			);
			defaultConfigurationIsVisible = 0;
			defaultConfigurationName = Release;
		};
/* End XCConfigurationList section */
	};
	rootObject = 13115CCC1A88BFA200F54633 /* Project object */;
}
